
Microsoft Visual Studio Solution File, Format Version 12.00
# Visual Studio Version 17
VisualStudioVersion = 17.7.34031.279
MinimumVisualStudioVersion = 10.0.40219.1
Project("{FAE04EC0-301F-11D3-BF4B-00C04F79EFBC}") = "TestTask-WebTechnology", "TestTask-WebTechnology\TestTask-WebTechnology.csproj", "{B3588469-C1B7-4DA6-8B5C-E7498363AE7D}"
EndProject
Global
	GlobalSection(SolutionConfigurationPlatforms) = preSolution
		Debug|Any CPU = Debug|Any CPU
		Release|Any CPU = Release|Any CPU
	EndGlobalSection
	GlobalSection(ProjectConfigurationPlatforms) = postSolution
		{B3588469-C1B7-4DA6-8B5C-E7498363AE7D}.Debug|Any CPU.ActiveCfg = Debug|Any CPU
		{B3588469-C1B7-4DA6-8B5C-E7498363AE7D}.Debug|Any CPU.Build.0 = Debug|Any CPU
		{B3588469-C1B7-4DA6-8B5C-E7498363AE7D}.Release|Any CPU.ActiveCfg = Release|Any CPU
		{B3588469-C1B7-4DA6-8B5C-E7498363AE7D}.Release|Any CPU.Build.0 = Release|Any CPU
	EndGlobalSection
	GlobalSection(SolutionProperties) = preSolution
		HideSolutionNode = FALSE
	EndGlobalSection
	GlobalSection(ExtensibilityGlobals) = postSolution
		SolutionGuid = {E399F7CF-B59A-4683-A95E-519747DB702A}
	EndGlobalSection
EndGlobal
